{
  "nodes": {
    "devshell": {
      "locked": {
        "lastModified": 1641980203,
        "narHash": "sha256-RiWJ3+6V267Ji+P54K1Xrj1Nsah9BfG/aLfIhqgVyBY=",
        "owner": "numtide",
        "repo": "devshell",
        "rev": "d897c1ddb4eab66cc2b783c7868d78555b9880ad",
        "type": "github"
      },
      "original": {
        "owner": "numtide",
        "repo": "devshell",
        "type": "github"
      }
    },
    "flake-utils": {
      "locked": {
        "lastModified": 1648297722,
        "narHash": "sha256-W+qlPsiZd8F3XkzXOzAoR+mpFqzm3ekQkJNa+PIh1BQ=",
        "owner": "numtide",
        "repo": "flake-utils",
        "rev": "0f8662f1319ad6abf89b3380dd2722369fc51ade",
        "type": "github"
      },
      "original": {
        "owner": "numtide",
        "repo": "flake-utils",
        "type": "github"
      }
    },
    "flake-utils_2": {
      "locked": {
        "lastModified": 1637014545,
        "narHash": "sha256-26IZAc5yzlD9FlDT54io1oqG/bBoyka+FJk5guaX4x4=",
        "owner": "numtide",
        "repo": "flake-utils",
        "rev": "bba5dcc8e0b20ab664967ad83d24d64cb64ec4f4",
        "type": "github"
      },
      "original": {
        "owner": "numtide",
        "repo": "flake-utils",
        "type": "github"
      }
    },
    "flake-utils_3": {
      "locked": {
        "lastModified": 1648297722,
        "narHash": "sha256-W+qlPsiZd8F3XkzXOzAoR+mpFqzm3ekQkJNa+PIh1BQ=",
        "owner": "numtide",
        "repo": "flake-utils",
        "rev": "0f8662f1319ad6abf89b3380dd2722369fc51ade",
        "type": "github"
      },
      "original": {
        "owner": "numtide",
        "repo": "flake-utils",
        "type": "github"
      }
    },
    "helix": {
      "inputs": {
        "nixCargoIntegration": "nixCargoIntegration",
        "nixpkgs": [
          "nixpkgs"
        ],
        "rust-overlay": "rust-overlay"
      },
      "locked": {
        "lastModified": 1646715723,
        "narHash": "sha256-YO2D6KT6bjVYFAES6+Z3VBSr5fKHb9WqldZzHUbZ+J8=",
        "owner": "helix-editor",
        "repo": "helix",
        "rev": "24352b2729559533948da92098529e59cd6562fd",
        "type": "github"
      },
      "original": {
        "owner": "helix-editor",
        "repo": "helix",
        "rev": "24352b2729559533948da92098529e59cd6562fd",
        "type": "github"
      }
    },
    "home-manager": {
      "inputs": {
        "nixpkgs": [
          "nixpkgs"
        ]
      },
      "locked": {
        "lastModified": 1648610385,
        "narHash": "sha256-MFEOeEyQ0KthlTbNza6QQm0z2KjYzflBtJzzE+CxEhk=",
        "owner": "mtoohey31",
        "repo": "home-manager",
        "rev": "95c1c9a04cd90e1549cf862dcb0e79bef55a9845",
        "type": "github"
      },
      "original": {
        "owner": "mtoohey31",
        "repo": "home-manager",
        "type": "github"
      }
    },
    "nixCargoIntegration": {
      "inputs": {
        "devshell": "devshell",
        "nixpkgs": [
          "helix",
          "nixpkgs"
        ],
        "rustOverlay": [
          "helix",
          "rust-overlay"
        ]
      },
      "locked": {
        "lastModified": 1642054253,
        "narHash": "sha256-kHh9VmaB7gbS6pheheC4x0uT84LEmhfbsbWEQJgU2E4=",
        "owner": "yusdacra",
        "repo": "nix-cargo-integration",
        "rev": "f8fa9af990195a3f63fe2dde84aa187e193da793",
        "type": "github"
      },
      "original": {
        "owner": "yusdacra",
        "repo": "nix-cargo-integration",
        "type": "github"
      }
    },
    "nixos-hardware": {
      "locked": {
        "lastModified": 1648141026,
        "narHash": "sha256-h8e3+5EZFbYHTMb0DN2ACuQTJBNHpqigvmEV1w2WIuE=",
        "owner": "NixOS",
        "repo": "nixos-hardware",
        "rev": "feceb4d24f582817d8f6e737cd40af9e162dee05",
        "type": "github"
      },
      "original": {
        "id": "nixos-hardware",
        "type": "indirect"
      }
    },
    "nixpkgs": {
      "locked": {
        "lastModified": 1648632716,
        "narHash": "sha256-kCmnDeiaMsdhfnNKjxdOzwRh2H6eQb8yWAL+nNabC/Y=",
        "owner": "NixOS",
        "repo": "nixpkgs",
        "rev": "710fed5a2483f945b14f4a58af2cd3676b42d8c8",
        "type": "github"
      },
      "original": {
        "id": "nixpkgs",
        "ref": "nixos-unstable",
        "type": "indirect"
      }
    },
    "nixpkgs_2": {
      "locked": {
        "lastModified": 1649111814,
        "narHash": "sha256-k+4H4DePNY+IIwKH0de0hCd5bGeTB2PGJ+jhlJJNYzM=",
        "owner": "NixOS",
        "repo": "nixpkgs",
        "rev": "e121b4b732cf66584b7e22c8ea2265b68f63f502",
        "type": "github"
      },
      "original": {
        "owner": "NixOS",
        "repo": "nixpkgs",
        "type": "github"
      }
    },
    "poetry2nix": {
      "inputs": {
        "flake-utils": "flake-utils_3",
        "nixpkgs": "nixpkgs_2"
      },
      "locked": {
        "lastModified": 1648808959,
        "narHash": "sha256-1KZuZ0yJ4j1cWvOvnyyy36xCTcG9+sNe2FDHOHnErQM=",
        "owner": "nix-community",
        "repo": "poetry2nix",
        "rev": "99c79568352799af09edaeefc858d337e6d9c56f",
        "type": "github"
      },
      "original": {
        "owner": "nix-community",
        "repo": "poetry2nix",
        "type": "github"
      }
    },
    "qbpm": {
      "inputs": {
        "flake-utils": [
          "flake-utils"
        ],
        "nixpkgs": [
          "nixpkgs"
        ]
      },
      "locked": {
        "lastModified": 1645303576,
        "narHash": "sha256-TjMUrD5umMd6G0MXE316x0U8KNiyuMyGbYUxUaH22xs=",
        "owner": "pvsr",
        "repo": "qbpm",
        "rev": "2335471ab3fe8c257dae8424cc5bd5442f012752",
        "type": "github"
      },
      "original": {
        "owner": "pvsr",
        "repo": "qbpm",
        "type": "github"
      }
    },
    "root": {
      "inputs": {
        "flake-utils": "flake-utils",
        "helix": "helix",
        "home-manager": "home-manager",
        "nixos-hardware": "nixos-hardware",
        "nixpkgs": "nixpkgs",
        "qbpm": "qbpm",
        "taskmatter": "taskmatter"
      }
    },
    "rust-overlay": {
      "inputs": {
        "flake-utils": "flake-utils_2",
        "nixpkgs": [
          "helix",
          "nixpkgs"
        ]
      },
      "locked": {
        "lastModified": 1642128126,
        "narHash": "sha256-av8JUACdrTfQYl/ftZJvKpZEmZfa0avCq7tt5Usdoq0=",
        "owner": "oxalica",
        "repo": "rust-overlay",
        "rev": "ce4ef6f2d74f2b68f7547df1de22d1b0037ce4ad",
        "type": "github"
      },
      "original": {
        "owner": "oxalica",
        "repo": "rust-overlay",
        "type": "github"
      }
    },
    "taskmatter": {
      "inputs": {
        "flake-utils": [
          "flake-utils"
        ],
        "nixpkgs": [
          "nixpkgs"
        ],
        "poetry2nix": "poetry2nix"
      },
      "locked": {
        "lastModified": 1649120452,
        "narHash": "sha256-Lpfrg3YGqvmqnnzMTn46ux6RttBRbo3awynZVX9xysk=",
        "owner": "mtoohey31",
        "repo": "taskmatter",
        "rev": "e6cd2e83577df2fab4675560eff89f3c07406a7c",
        "type": "github"
      },
      "original": {
        "owner": "mtoohey31",
        "repo": "taskmatter",
        "type": "github"
      }
    }
  },
  "root": "root",
  "version": 7
}
