{
  "nodes": {
    "home-manager": {
      "inputs": {
        "nixpkgs": [
          "nixpkgs"
        ]
      },
      "locked": {
        "lastModified": 1648610385,
        "narHash": "sha256-MFEOeEyQ0KthlTbNza6QQm0z2KjYzflBtJzzE+CxEhk=",
        "owner": "mtoohey31",
        "repo": "home-manager",
        "rev": "95c1c9a04cd90e1549cf862dcb0e79bef55a9845",
        "type": "github"
      },
      "original": {
        "owner": "mtoohey31",
        "repo": "home-manager",
        "type": "github"
      }
    },
    "nixpkgs": {
      "locked": {
        "lastModified": 1648632716,
        "narHash": "sha256-kCmnDeiaMsdhfnNKjxdOzwRh2H6eQb8yWAL+nNabC/Y=",
        "owner": "NixOS",
        "repo": "nixpkgs",
        "rev": "710fed5a2483f945b14f4a58af2cd3676b42d8c8",
        "type": "github"
      },
      "original": {
        "id": "nixpkgs",
        "ref": "nixos-unstable",
        "type": "indirect"
      }
    },
    "root": {
      "inputs": {
        "home-manager": "home-manager",
        "nixpkgs": "nixpkgs"
      }
    }
  },
  "root": "root",
  "version": 7
}
