{
  "nodes": {
    "cogitri": {
      "inputs": {
        "flake-utils": [
          "utils"
        ],
        "nixpkgs": [
          "nixpkgs"
        ]
      },
      "locked": {
        "lastModified": 1652680058,
        "narHash": "sha256-kWyGuOaIftxVy+219+NUVhmN0g97J57VVyN0psGLDEg=",
        "owner": "Cogitri",
        "repo": "cogitri-pkgs",
        "rev": "fe5bee5f996386fef39ba565fe376a4ee1131be6",
        "type": "github"
      },
      "original": {
        "owner": "Cogitri",
        "repo": "cogitri-pkgs",
        "type": "github"
      }
    },
    "crane": {
      "flake": false,
      "locked": {
        "lastModified": 1644785799,
        "narHash": "sha256-VpAJO1L0XeBvtCuNGK4IDKp6ENHIpTrlaZT7yfBCvwo=",
        "owner": "ipetkov",
        "repo": "crane",
        "rev": "fc7a94f841347c88f2cb44217b2a3faa93e2a0b2",
        "type": "github"
      },
      "original": {
        "owner": "ipetkov",
        "repo": "crane",
        "type": "github"
      }
    },
    "darwin": {
      "inputs": {
        "nixpkgs": [
          "nixpkgs"
        ]
      },
      "locked": {
        "lastModified": 1651916036,
        "narHash": "sha256-UuD9keUGm4IuVEV6wdSYbuRm7CwfXE63hVkzKDjVsh4=",
        "owner": "lnl7",
        "repo": "nix-darwin",
        "rev": "2f2bdf658d2b79bada78dc914af99c53cad37cba",
        "type": "github"
      },
      "original": {
        "owner": "lnl7",
        "repo": "nix-darwin",
        "type": "github"
      }
    },
    "devshell": {
      "inputs": {
        "flake-utils": "flake-utils",
        "nixpkgs": [
          "helix",
          "nixCargoIntegration",
          "nixpkgs"
        ]
      },
      "locked": {
        "lastModified": 1652959711,
        "narHash": "sha256-wpQhlE/NocxlU3jLiMoF1KYHOEFD5MEFJZkyXXVVef8=",
        "owner": "numtide",
        "repo": "devshell",
        "rev": "a5327cd01e58d2848c73062f2661278ad615748f",
        "type": "github"
      },
      "original": {
        "owner": "numtide",
        "repo": "devshell",
        "type": "github"
      }
    },
    "dream2nix": {
      "inputs": {
        "alejandra": [
          "helix",
          "nixCargoIntegration",
          "nixpkgs"
        ],
        "crane": "crane",
        "flake-utils-pre-commit": [
          "helix",
          "nixCargoIntegration",
          "nixpkgs"
        ],
        "gomod2nix": [
          "helix",
          "nixCargoIntegration",
          "nixpkgs"
        ],
        "mach-nix": [
          "helix",
          "nixCargoIntegration",
          "nixpkgs"
        ],
        "nixpkgs": [
          "helix",
          "nixCargoIntegration",
          "nixpkgs"
        ],
        "node2nix": [
          "helix",
          "nixCargoIntegration",
          "nixpkgs"
        ],
        "poetry2nix": [
          "helix",
          "nixCargoIntegration",
          "nixpkgs"
        ],
        "pre-commit-hooks": [
          "helix",
          "nixCargoIntegration",
          "nixpkgs"
        ]
      },
      "locked": {
        "lastModified": 1653135531,
        "narHash": "sha256-pYwJrEQrG8BgeVcI+lveK3KbOBDx9MT28HxV09v+jgI=",
        "owner": "nix-community",
        "repo": "dream2nix",
        "rev": "4b3dfb101fd2fdbe25bd128072f138276aa4bc82",
        "type": "github"
      },
      "original": {
        "owner": "nix-community",
        "repo": "dream2nix",
        "type": "github"
      }
    },
    "flake-utils": {
      "locked": {
        "lastModified": 1642700792,
        "narHash": "sha256-XqHrk7hFb+zBvRg6Ghl+AZDq03ov6OshJLiSWOoX5es=",
        "owner": "numtide",
        "repo": "flake-utils",
        "rev": "846b2ae0fc4cc943637d3d1def4454213e203cba",
        "type": "github"
      },
      "original": {
        "owner": "numtide",
        "repo": "flake-utils",
        "type": "github"
      }
    },
    "flake-utils_2": {
      "locked": {
        "lastModified": 1637014545,
        "narHash": "sha256-26IZAc5yzlD9FlDT54io1oqG/bBoyka+FJk5guaX4x4=",
        "owner": "numtide",
        "repo": "flake-utils",
        "rev": "bba5dcc8e0b20ab664967ad83d24d64cb64ec4f4",
        "type": "github"
      },
      "original": {
        "owner": "numtide",
        "repo": "flake-utils",
        "type": "github"
      }
    },
    "fuzzel": {
      "flake": false,
      "locked": {
        "lastModified": 1651679026,
        "narHash": "sha256-NADA7Ci62pKNE+/JFt5zfjjmdH1ipBPWXGcw8HAhiOQ=",
        "ref": "master",
        "rev": "e661458d795e42733df2cb439d951bcde62fde8f",
        "revCount": 842,
        "type": "git",
        "url": "https://codeberg.org/dnkl/fuzzel"
      },
      "original": {
        "type": "git",
        "url": "https://codeberg.org/dnkl/fuzzel"
      }
    },
    "g14-patches": {
      "flake": false,
      "locked": {
        "lastModified": 1648617747,
        "narHash": "sha256-oWucG5iiqj0hP+CBadtnxIAWTPRngEgQZ6hKAeBkM+E=",
        "ref": "5.17",
        "rev": "ed8cf277690895c5b2aa19a0c89b397b5cd2073d",
        "revCount": 83,
        "type": "git",
        "url": "https://gitlab.com/dragonn/linux-g14"
      },
      "original": {
        "ref": "5.17",
        "type": "git",
        "url": "https://gitlab.com/dragonn/linux-g14"
      }
    },
    "gemoji": {
      "flake": false,
      "locked": {
        "lastModified": 1627297691,
        "narHash": "sha256-f1MwKDW/NCgsS60HIWyCF0e6XRIwDeNEswN5Zb25MA8=",
        "owner": "github",
        "repo": "gemoji",
        "rev": "55bb37afa4a24e92709ff135a9be4a4f1e79aaef",
        "type": "github"
      },
      "original": {
        "owner": "github",
        "repo": "gemoji",
        "type": "github"
      }
    },
    "git-crypt-agessh": {
      "inputs": {
        "nixpkgs": [
          "nixpkgs"
        ],
        "utils": "utils"
      },
      "locked": {
        "lastModified": 1651509804,
        "narHash": "sha256-cHZ+90dcvL7Um7vUROiRD90L+d9I2curZ0tTuw9NIq4=",
        "owner": "mtoohey31",
        "repo": "git-crypt-agessh",
        "rev": "9965d84ea97ad2eb0e3f8afd00001316c53a5603",
        "type": "github"
      },
      "original": {
        "owner": "mtoohey31",
        "repo": "git-crypt-agessh",
        "type": "github"
      }
    },
    "go": {
      "inputs": {
        "gow-src": [
          "templates",
          "gow-src"
        ],
        "nixpkgs": [
          "templates",
          "nixpkgs"
        ],
        "utils": [
          "templates",
          "utils"
        ]
      },
      "locked": {
        "lastModified": 1,
        "narHash": "sha256-4THLrKcrxRNq5yZBu7uIQGkKiKSfxjcoEUrC6H4ON00=",
        "path": "/nix/store/zndr9g66sfplm0va57vz5wd0z7i8lnwm-source/go",
        "type": "path"
      },
      "original": {
        "path": "/nix/store/zndr9g66sfplm0va57vz5wd0z7i8lnwm-source/go",
        "type": "path"
      }
    },
    "go118": {
      "inputs": {
        "gow-src": [
          "templates",
          "gow-src"
        ],
        "nixpkgs": [
          "templates",
          "nixpkgs"
        ],
        "utils": [
          "templates",
          "utils"
        ]
      },
      "locked": {
        "lastModified": 1,
        "narHash": "sha256-a9mj0NvjbKZUUYQTI7XJfnvo9iLgacly3kNfvO45T5M=",
        "path": "/nix/store/zndr9g66sfplm0va57vz5wd0z7i8lnwm-source/go118",
        "type": "path"
      },
      "original": {
        "path": "/nix/store/zndr9g66sfplm0va57vz5wd0z7i8lnwm-source/go118",
        "type": "path"
      }
    },
    "gow": {
      "flake": false,
      "locked": {
        "lastModified": 1653989095,
        "narHash": "sha256-rwFV33e3CL7lkljfISB9QZPchEXOYI5n3IcRorFsGWs=",
        "owner": "mitranim",
        "repo": "gow",
        "rev": "17fe765b1be5a400c6c6098895e0c8b965d3fe2c",
        "type": "github"
      },
      "original": {
        "owner": "mitranim",
        "repo": "gow",
        "type": "github"
      }
    },
    "harpoond": {
      "flake": false,
      "locked": {
        "lastModified": 1639850419,
        "narHash": "sha256-7qmrK9Fsg55lpMIhrnMu3uH81D4K6k75lAN0yUGB1WQ=",
        "owner": "andreldm",
        "repo": "harpoond",
        "rev": "972a02a0a770996c9a5e8842b32c1663290b9f06",
        "type": "github"
      },
      "original": {
        "owner": "andreldm",
        "repo": "harpoond",
        "type": "github"
      }
    },
    "helix": {
      "inputs": {
        "nixCargoIntegration": "nixCargoIntegration",
        "nixpkgs": [
          "nixpkgs"
        ],
        "rust-overlay": "rust-overlay"
      },
      "locked": {
        "lastModified": 1655260781,
        "narHash": "sha256-OOlZJi+l1Ic9bb0MBm6tc6nlnlhxBCNNINuIgtZw3rk=",
        "owner": "mtoohey31",
        "repo": "helix",
        "rev": "14670ab321a731e20fc43e6c3ee998be57d0f24e",
        "type": "github"
      },
      "original": {
        "owner": "mtoohey31",
        "repo": "helix",
        "type": "github"
      }
    },
    "home-manager": {
      "inputs": {
        "nixpkgs": [
          "nixpkgs"
        ]
      },
      "locked": {
        "lastModified": 1653616300,
        "narHash": "sha256-4QuAUYCoR5WjddoyUyztyk3mFgzlyJXPMmjcOMbeq5c=",
        "owner": "mtoohey31",
        "repo": "home-manager",
        "rev": "5c5f45155bb265efcfd5116b9ec4a43829e31898",
        "type": "github"
      },
      "original": {
        "owner": "mtoohey31",
        "repo": "home-manager",
        "type": "github"
      }
    },
    "kmonad": {
      "inputs": {
        "nixpkgs": [
          "nixpkgs"
        ]
      },
      "locked": {
        "dir": "nix",
        "lastModified": 1654104583,
        "narHash": "sha256-iWMzAaE17kt4xPeakDmYQnMgVr+O/zlXr26GCzxx60o=",
        "owner": "kmonad",
        "repo": "kmonad",
        "rev": "b3c7b1e6f18416c813775bfb5398544475f00e1e",
        "type": "github"
      },
      "original": {
        "dir": "nix",
        "owner": "kmonad",
        "repo": "kmonad",
        "type": "github"
      }
    },
    "naersk": {
      "inputs": {
        "nixpkgs": [
          "nixpkgs"
        ]
      },
      "locked": {
        "lastModified": 1655042882,
        "narHash": "sha256-9BX8Fuez5YJlN7cdPO63InoyBy7dm3VlJkkmTt6fS1A=",
        "owner": "nix-community",
        "repo": "naersk",
        "rev": "cddffb5aa211f50c4b8750adbec0bbbdfb26bb9f",
        "type": "github"
      },
      "original": {
        "owner": "nix-community",
        "repo": "naersk",
        "type": "github"
      }
    },
    "nix-on-droid": {
      "inputs": {
        "flake-utils": [
          "utils"
        ],
        "home-manager": [
          "home-manager"
        ],
        "nixpkgs": [
          "nixpkgs"
        ]
      },
      "locked": {
        "lastModified": 1654667844,
        "narHash": "sha256-0tiIwPItfniax/bFw24CXTo74C7e+aIlAfHIBVF2xEE=",
        "owner": "t184256",
        "repo": "nix-on-droid",
        "rev": "949f20f8ba900a02dfceb5c61ccef927ce704d87",
        "type": "github"
      },
      "original": {
        "owner": "t184256",
        "repo": "nix-on-droid",
        "type": "github"
      }
    },
    "nixCargoIntegration": {
      "inputs": {
        "devshell": "devshell",
        "dream2nix": "dream2nix",
        "nixpkgs": [
          "helix",
          "nixpkgs"
        ],
        "rustOverlay": [
          "helix",
          "rust-overlay"
        ]
      },
      "locked": {
        "lastModified": 1653286465,
        "narHash": "sha256-CEI2prA74sy9SgAJKdDpyAMv1nnp91c8e5Fw9QbtR/Q=",
        "owner": "yusdacra",
        "repo": "nix-cargo-integration",
        "rev": "95efd76ab68b20aba45b7d647460319b88c2a4c0",
        "type": "github"
      },
      "original": {
        "owner": "yusdacra",
        "repo": "nix-cargo-integration",
        "type": "github"
      }
    },
    "nixos-hardware": {
      "locked": {
        "lastModified": 1654057797,
        "narHash": "sha256-mXo7C4v7Jj2feBzcReu1Eu/3Rnw5b023E9kOyFsHZQw=",
        "owner": "NixOS",
        "repo": "nixos-hardware",
        "rev": "0cab18a48de7914ef8cad35dca0bb36868f3e1af",
        "type": "github"
      },
      "original": {
        "id": "nixos-hardware",
        "type": "indirect"
      }
    },
    "nixpkgs": {
      "locked": {
        "lastModified": 1653931853,
        "narHash": "sha256-O3wncIouj9x7gBPntzHeK/Hkmm9M1SGlYq7JI7saTAE=",
        "owner": "NixOS",
        "repo": "nixpkgs",
        "rev": "f1c167688a6f81f4a51ab542e5f476c8c595e457",
        "type": "github"
      },
      "original": {
        "id": "nixpkgs",
        "ref": "nixos-unstable",
        "type": "indirect"
      }
    },
    "nixpkgs-21_11": {
      "locked": {
        "lastModified": 1653819578,
        "narHash": "sha256-a1vaUl6VZz1NsWxMw0i5lRyHIOVUIuMZdQzV+4s+rY8=",
        "owner": "NixOS",
        "repo": "nixpkgs",
        "rev": "baa82d4b626288c7439eeea073a18aabbe435991",
        "type": "github"
      },
      "original": {
        "owner": "NixOS",
        "ref": "release-21.11",
        "repo": "nixpkgs",
        "type": "github"
      }
    },
    "nixpkgs-22_05": {
      "locked": {
        "lastModified": 1653822412,
        "narHash": "sha256-xZwMDQ8MdNiTwE8dcKAX1h3qCmLtuudNGxmFUX3xIes=",
        "owner": "NixOS",
        "repo": "nixpkgs",
        "rev": "db78278ff296cf21eca7e8c08ee99707387a54fa",
        "type": "github"
      },
      "original": {
        "owner": "NixOS",
        "ref": "release-22.05",
        "repo": "nixpkgs",
        "type": "github"
      }
    },
    "nixpkgs-mozilla": {
      "locked": {
        "lastModified": 1650459918,
        "narHash": "sha256-sroCK+QJTmoXtcRkwZyKOP9iAYOPID2Bwdxn4GkG16w=",
        "owner": "mozilla",
        "repo": "nixpkgs-mozilla",
        "rev": "e1f7540fc0a8b989fb8cf701dc4fd7fc76bcf168",
        "type": "github"
      },
      "original": {
        "owner": "mozilla",
        "repo": "nixpkgs-mozilla",
        "type": "github"
      }
    },
    "poetry2nix": {
      "inputs": {
        "flake-utils": [
          "templates",
          "utils"
        ],
        "nixpkgs": [
          "templates",
          "nixpkgs"
        ]
      },
      "locked": {
        "lastModified": 1655106322,
        "narHash": "sha256-X7oWgty5uKYYTg7n6gut/lShi1X5QxiOfLQNHyJ5LaM=",
        "owner": "nix-community",
        "repo": "poetry2nix",
        "rev": "347ccb4ce58e7af1ece3f9743019263c4aede7b8",
        "type": "github"
      },
      "original": {
        "owner": "nix-community",
        "repo": "poetry2nix",
        "type": "github"
      }
    },
    "python": {
      "inputs": {
        "nixpkgs": [
          "templates",
          "nixpkgs"
        ],
        "poetry2nix": [
          "templates",
          "poetry2nix"
        ],
        "utils": [
          "templates",
          "utils"
        ]
      },
      "locked": {
        "lastModified": 1,
        "narHash": "sha256-tG9MJoARoi75uiOL7RGwxXmm/TCGJ72kJEeSLuIfe/I=",
        "path": "/nix/store/zndr9g66sfplm0va57vz5wd0z7i8lnwm-source/python",
        "type": "path"
      },
      "original": {
        "path": "/nix/store/zndr9g66sfplm0va57vz5wd0z7i8lnwm-source/python",
        "type": "path"
      }
    },
    "qbpm": {
      "inputs": {
        "flake-utils": [
          "utils"
        ],
        "nixpkgs": [
          "nixpkgs"
        ]
      },
      "locked": {
        "lastModified": 1652224477,
        "narHash": "sha256-lrhUnZt+HMov/JOdB49lIKm8SQlGJnPYFJjecX+XWq4=",
        "owner": "pvsr",
        "repo": "qbpm",
        "rev": "03598246e6a7448be88c20d8816a4766966f9517",
        "type": "github"
      },
      "original": {
        "owner": "pvsr",
        "repo": "qbpm",
        "type": "github"
      }
    },
    "qutewal": {
      "flake": false,
      "locked": {
        "lastModified": 1568775160,
        "narHash": "sha256-2NiRqLtnimcYFNAVk+eBPtfjHNKICflYpFW51JjpcHU=",
        "ref": "master",
        "rev": "ff878423ab251bf764475ab54b28486b957edfd4",
        "revCount": 33,
        "type": "git",
        "url": "https://gitlab.com/jjzmajic/qutewal"
      },
      "original": {
        "type": "git",
        "url": "https://gitlab.com/jjzmajic/qutewal"
      }
    },
    "rnix-lsp": {
      "inputs": {
        "naersk": [
          "naersk"
        ],
        "nixpkgs": [
          "nixpkgs"
        ],
        "utils": [
          "utils"
        ]
      },
      "locked": {
        "lastModified": 1655061633,
        "narHash": "sha256-J9xgK5W/ecOCS1rikWkYETsudKc8r8AyZBUofmHRnpU=",
        "owner": "mtoohey31",
        "repo": "rnix-lsp",
        "rev": "623ced97e4e858abf2e516defcb8d202ae1c0f8a",
        "type": "github"
      },
      "original": {
        "owner": "mtoohey31",
        "ref": "feat/improved-format-edits",
        "repo": "rnix-lsp",
        "type": "github"
      }
    },
    "root": {
      "inputs": {
        "cogitri": "cogitri",
        "darwin": "darwin",
        "fuzzel": "fuzzel",
        "g14-patches": "g14-patches",
        "gemoji": "gemoji",
        "git-crypt-agessh": "git-crypt-agessh",
        "gow": "gow",
        "harpoond": "harpoond",
        "helix": "helix",
        "home-manager": "home-manager",
        "kmonad": "kmonad",
        "naersk": "naersk",
        "nix-on-droid": "nix-on-droid",
        "nixos-hardware": "nixos-hardware",
        "nixpkgs": "nixpkgs",
        "qbpm": "qbpm",
        "qutewal": "qutewal",
        "rnix-lsp": "rnix-lsp",
        "sops-nix": "sops-nix",
        "templates": "templates",
        "uncommitted-go": "uncommitted-go",
        "utils": "utils_3",
        "vimv2": "vimv2"
      }
    },
    "rust-bin": {
      "inputs": {
        "naersk": [
          "templates",
          "naersk"
        ],
        "nixpkgs": [
          "templates",
          "nixpkgs"
        ],
        "nixpkgs-mozilla": [
          "templates",
          "nixpkgs-mozilla"
        ],
        "utils": [
          "templates",
          "utils"
        ]
      },
      "locked": {
        "lastModified": 1,
        "narHash": "sha256-VjSOu8vV7Q8+ZsWfo7Fp5rCkdGm3/4iX4HDUdanukSk=",
        "path": "/nix/store/zndr9g66sfplm0va57vz5wd0z7i8lnwm-source/rust-bin",
        "type": "path"
      },
      "original": {
        "path": "/nix/store/zndr9g66sfplm0va57vz5wd0z7i8lnwm-source/rust-bin",
        "type": "path"
      }
    },
    "rust-lib": {
      "inputs": {
        "nixpkgs": [
          "templates",
          "nixpkgs"
        ],
        "nixpkgs-mozilla": [
          "templates",
          "nixpkgs-mozilla"
        ],
        "utils": [
          "templates",
          "utils"
        ]
      },
      "locked": {
        "lastModified": 1,
        "narHash": "sha256-kWxamsPIOI4iNoUcISkHQZE2TGdKXUKDjLABWK8xNn8=",
        "path": "/nix/store/zndr9g66sfplm0va57vz5wd0z7i8lnwm-source/rust-lib",
        "type": "path"
      },
      "original": {
        "path": "/nix/store/zndr9g66sfplm0va57vz5wd0z7i8lnwm-source/rust-lib",
        "type": "path"
      }
    },
    "rust-overlay": {
      "inputs": {
        "flake-utils": "flake-utils_2",
        "nixpkgs": [
          "helix",
          "nixpkgs"
        ]
      },
      "locked": {
        "lastModified": 1653273659,
        "narHash": "sha256-dHXYaNL1axhZZyiZXxt1WKhvZrYXq7bjCs3y5VjgyGI=",
        "owner": "oxalica",
        "repo": "rust-overlay",
        "rev": "0fa3e01da1ce98e3b40063b8e2678095943402b1",
        "type": "github"
      },
      "original": {
        "owner": "oxalica",
        "repo": "rust-overlay",
        "type": "github"
      }
    },
    "sops-nix": {
      "inputs": {
        "nixpkgs": [
          "nixpkgs"
        ],
        "nixpkgs-21_11": "nixpkgs-21_11",
        "nixpkgs-22_05": "nixpkgs-22_05"
      },
      "locked": {
        "lastModified": 1653827546,
        "narHash": "sha256-va51HFf7UwktvriIbe9pjRPMr7p8IaxrwcDlZe7twzI=",
        "owner": "Mic92",
        "repo": "sops-nix",
        "rev": "36b5901782e7fbfc191cace910f67f8b8743f678",
        "type": "github"
      },
      "original": {
        "owner": "Mic92",
        "repo": "sops-nix",
        "type": "github"
      }
    },
    "templates": {
      "inputs": {
        "go": "go",
        "go118": "go118",
        "gow-src": [
          "gow"
        ],
        "naersk": [
          "naersk"
        ],
        "nixpkgs": [
          "nixpkgs"
        ],
        "nixpkgs-mozilla": "nixpkgs-mozilla",
        "poetry2nix": "poetry2nix",
        "python": "python",
        "rust-bin": "rust-bin",
        "rust-lib": "rust-lib",
        "utils": [
          "utils"
        ]
      },
      "locked": {
        "lastModified": 1655172389,
        "narHash": "sha256-/BL5PidOjCPuLlnuoHSQG1zl/WawiudhjvUSvP9CzXM=",
        "owner": "mtoohey31",
        "repo": "templates",
        "rev": "06b384486050e766f85af902e51cc963fe0bed8a",
        "type": "github"
      },
      "original": {
        "owner": "mtoohey31",
        "repo": "templates",
        "type": "github"
      }
    },
    "uncommitted-go": {
      "inputs": {
        "nixpkgs": [
          "nixpkgs"
        ],
        "utils": "utils_2"
      },
      "locked": {
        "lastModified": 1652404794,
        "narHash": "sha256-04A6DW3bBLbMV9KJHkSE8KoOQeU4gWFAiHHrtg8d0dk=",
        "owner": "mtoohey31",
        "repo": "uncommitted-go",
        "rev": "b9bcb6bab7a4f51654bede8077b633e96172f7d7",
        "type": "github"
      },
      "original": {
        "owner": "mtoohey31",
        "repo": "uncommitted-go",
        "type": "github"
      }
    },
    "utils": {
      "locked": {
        "lastModified": 1649676176,
        "narHash": "sha256-OWKJratjt2RW151VUlJPRALb7OU2S5s+f0vLj4o1bHM=",
        "owner": "numtide",
        "repo": "flake-utils",
        "rev": "a4b154ebbdc88c8498a5c7b01589addc9e9cb678",
        "type": "github"
      },
      "original": {
        "owner": "numtide",
        "repo": "flake-utils",
        "type": "github"
      }
    },
    "utils_2": {
      "locked": {
        "lastModified": 1649676176,
        "narHash": "sha256-OWKJratjt2RW151VUlJPRALb7OU2S5s+f0vLj4o1bHM=",
        "owner": "numtide",
        "repo": "flake-utils",
        "rev": "a4b154ebbdc88c8498a5c7b01589addc9e9cb678",
        "type": "github"
      },
      "original": {
        "owner": "numtide",
        "repo": "flake-utils",
        "type": "github"
      }
    },
    "utils_3": {
      "locked": {
        "lastModified": 1653893745,
        "narHash": "sha256-0jntwV3Z8//YwuOjzhV2sgJJPt+HY6KhU7VZUL0fKZQ=",
        "owner": "numtide",
        "repo": "flake-utils",
        "rev": "1ed9fb1935d260de5fe1c2f7ee0ebaae17ed2fa1",
        "type": "github"
      },
      "original": {
        "owner": "numtide",
        "repo": "flake-utils",
        "type": "github"
      }
    },
    "vimv2": {
      "inputs": {
        "flake-utils": [
          "utils"
        ],
        "nixpkgs": [
          "nixpkgs"
        ]
      },
      "locked": {
        "lastModified": 1654126722,
        "narHash": "sha256-JZI/Tbga2D0mUcth4uroIC/KY7RwBk4M15gZpc+Js6A=",
        "owner": "mtoohey31",
        "repo": "vimv2",
        "rev": "37809338ed050423655750c0e66840ece127c8ad",
        "type": "github"
      },
      "original": {
        "owner": "mtoohey31",
        "repo": "vimv2",
        "type": "github"
      }
    }
  },
  "root": "root",
  "version": 7
}
